
Microsoft Visual Studio Solution File, Format Version 12.00
# Visual Studio Version 17
VisualStudioVersion = 17.13.35825.156
MinimumVisualStudioVersion = 10.0.40219.1
Project("{FAE04EC0-301F-11D3-BF4B-00C04F79EFBC}") = "TodoApp", "TodoApp.csproj", "{B4F64591-E457-433A-AD7C-A5A1AA9854C9}"
EndProject
Global
	GlobalSection(SolutionConfigurationPlatforms) = preSolution
		Debug|Any CPU = Debug|Any CPU
		Release|Any CPU = Release|Any CPU
	EndGlobalSection
	GlobalSection(ProjectConfigurationPlatforms) = postSolution
		{B4F64591-E457-433A-AD7C-A5A1AA9854C9}.Debug|Any CPU.ActiveCfg = Debug|Any CPU
		{B4F64591-E457-433A-AD7C-A5A1AA9854C9}.Debug|Any CPU.Build.0 = Debug|Any CPU
		{B4F64591-E457-433A-AD7C-A5A1AA9854C9}.Debug|Any CPU.Deploy.0 = Debug|Any CPU
		{B4F64591-E457-433A-AD7C-A5A1AA9854C9}.Release|Any CPU.ActiveCfg = Release|Any CPU
		{B4F64591-E457-433A-AD7C-A5A1AA9854C9}.Release|Any CPU.Build.0 = Release|Any CPU
	EndGlobalSection
	GlobalSection(SolutionProperties) = preSolution
		HideSolutionNode = FALSE
	EndGlobalSection
	GlobalSection(ExtensibilityGlobals) = postSolution
		SolutionGuid = {49A97093-1F51-46AF-9782-95B82C4CBEEE}
	EndGlobalSection
EndGlobal
